<?xml version="1.0" encoding="utf-8"?>
<Project ToolsVersion="4.0" xmlns="http://schemas.microsoft.com/developer/msbuild/2003">
  <ItemGroup>
    <Filter Include="Quelldateien">
      <UniqueIdentifier>{4FC737F1-C7A5-4376-A066-2A32D752A2FF}</UniqueIdentifier>
      <Extensions>cpp;c;cc;cxx;def;odl;idl;hpj;bat;asm;asmx</Extensions>
    </Filter>
    <Filter Include="Headerdateien">
      <UniqueIdentifier>{93995380-89BD-4b04-88EB-625FBE52EBFB}</UniqueIdentifier>
      <Extensions>h;hh;hpp;hxx;hm;inl;inc;xsd</Extensions>
    </Filter>
    <Filter Include="Ressourcendateien">
      <UniqueIdentifier>{67DA6AB6-F800-4c08-8B7A-83BB121AAD01}</UniqueIdentifier>
      <Extensions>rc;ico;cur;bmp;dlg;rc2;rct;bin;rgs;gif;jpg;jpeg;jpe;resx;tiff;tif;png;wav;mfcribbon-ms</Extensions>
    </Filter>
    <Filter Include="Headerdateien\World">
      <UniqueIdentifier>{69186e04-2e09-430f-aa1e-29fd64503f47}</UniqueIdentifier>
    </Filter>
    <Filter Include="Quelldateien\World">
      <UniqueIdentifier>{9643ea9f-fabe-4462-938c-23fd1d053a5a}</UniqueIdentifier>
    </Filter>
    <Filter Include="Headerdateien\Time">
      <UniqueIdentifier>{f846ddfb-9dc7-4963-818f-e06cbcbe5fda}</UniqueIdentifier>
    </Filter>
    <Filter Include="Quelldateien\Time">
      <UniqueIdentifier>{455c72fb-4991-42b7-932a-2a38630c6dce}</UniqueIdentifier>
    </Filter>
    <Filter Include="Headerdateien\Input">
      <UniqueIdentifier>{a166a3c8-21f2-42d4-903a-29e3a654ade9}</UniqueIdentifier>
    </Filter>
    <Filter Include="Quelldateien\Input">
      <UniqueIdentifier>{ed027113-beeb-4f88-8087-b4a80f51c7fe}</UniqueIdentifier>
    </Filter>
    <Filter Include="Quelldateien\World\Entity">
      <UniqueIdentifier>{493ca8a9-1061-4b35-8871-a9c5062b5884}</UniqueIdentifier>
    </Filter>
    <Filter Include="Headerdateien\World\Entity">
      <UniqueIdentifier>{66ef1a70-ac54-416d-b3a5-ed937fb27b40}</UniqueIdentifier>
    </Filter>
    <Filter Include="Headerdateien\Window">
      <UniqueIdentifier>{13243e3e-f181-44f9-9492-741cbf82a446}</UniqueIdentifier>
    </Filter>
    <Filter Include="Quelldateien\Window">
      <UniqueIdentifier>{7fbcaa0b-5ef3-4064-b8c2-d849b7d82fd2}</UniqueIdentifier>
    </Filter>
    <Filter Include="Headerdateien\Input\Gamepad">
      <UniqueIdentifier>{2c1910a4-6c1e-4c89-86b8-bf3d92e49b9b}</UniqueIdentifier>
    </Filter>
    <Filter Include="Headerdateien\Input\Keyboard">
      <UniqueIdentifier>{eaeb3984-6a34-441c-a534-9a5da3fc73bc}</UniqueIdentifier>
    </Filter>
    <Filter Include="Headerdateien\Input\Mouse">
      <UniqueIdentifier>{a6cf0299-63fc-4a3a-a8dc-6a26f9442a84}</UniqueIdentifier>
    </Filter>
    <Filter Include="Quelldateien\Input\Mouse">
      <UniqueIdentifier>{6d6a7c13-f9f1-4df0-96ff-0e48d9633088}</UniqueIdentifier>
    </Filter>
    <Filter Include="Quelldateien\Input\Keyboard">
      <UniqueIdentifier>{b8995dd3-7ef4-4444-984a-35a3ba7bdc81}</UniqueIdentifier>
    </Filter>
    <Filter Include="Quelldateien\Input\Gamepad">
      <UniqueIdentifier>{0fd22b9c-39dd-44c3-bb83-edd3c08094b3}</UniqueIdentifier>
    </Filter>
    <Filter Include="Headerdateien\Resource">
      <UniqueIdentifier>{00fbe54a-6ec2-46a9-a226-2fb9916e7d6a}</UniqueIdentifier>
    </Filter>
    <Filter Include="Quelldateien\Resource">
      <UniqueIdentifier>{61dcd59f-a61c-4cb1-88c8-e67838920931}</UniqueIdentifier>
    </Filter>
    <Filter Include="Headerdateien\Resource\Resources">
      <UniqueIdentifier>{13b7a41a-0595-45e5-b73a-80caf6239e77}</UniqueIdentifier>
    </Filter>
    <Filter Include="Headerdateien\Resource\Parser">
      <UniqueIdentifier>{d550d0db-f0c4-40fd-b10e-ee0606b88588}</UniqueIdentifier>
    </Filter>
    <Filter Include="Headerdateien\Resource\Resources\TilesetMap">
      <UniqueIdentifier>{567a1bdc-1119-49c0-91da-361a5d801987}</UniqueIdentifier>
    </Filter>
    <Filter Include="Headerdateien\Resource\Resources\TilesetMap\Layers">
      <UniqueIdentifier>{b13d104b-4adf-4ab3-a751-a4db262fb34c}</UniqueIdentifier>
    </Filter>
    <Filter Include="Quelldateien\Resource\Resources">
      <UniqueIdentifier>{b677baa5-2dc8-4c3d-bcb4-ab93f54ad238}</UniqueIdentifier>
    </Filter>
    <Filter Include="Quelldateien\Resource\Resources\TilesetMap">
      <UniqueIdentifier>{23665d30-6e3d-4346-a91c-d20942c12a15}</UniqueIdentifier>
    </Filter>
    <Filter Include="Quelldateien\Resource\Resources\TilesetMap\Layers">
      <UniqueIdentifier>{91a25283-533e-4132-8da7-2e50e76f6523}</UniqueIdentifier>
    </Filter>
    <Filter Include="Quelldateien\Resource\Parser">
      <UniqueIdentifier>{14da79b3-92ef-4fce-b5d3-414ff3611076}</UniqueIdentifier>
    </Filter>
    <Filter Include="Headerdateien\Resource\Resources\Texture">
      <UniqueIdentifier>{d227c161-4740-420c-bbac-547c12c570e5}</UniqueIdentifier>
    </Filter>
    <Filter Include="Quelldateien\Resource\Resources\Texture">
      <UniqueIdentifier>{cd2f12d8-ea9e-4038-a36f-c589f3510dec}</UniqueIdentifier>
    </Filter>
    <Filter Include="Quelldateien\Resource\Resources\INI">
      <UniqueIdentifier>{3fdd0573-8369-480c-9b01-a7abd84594c3}</UniqueIdentifier>
    </Filter>
    <Filter Include="Headerdateien\Resource\Resources\INI">
      <UniqueIdentifier>{65014bff-8141-4e1a-995c-09379eaad0b6}</UniqueIdentifier>
    </Filter>
    <Filter Include="Headerdateien\Physic">
      <UniqueIdentifier>{c883ff63-5aae-45b1-8dcf-f9a980ca995f}</UniqueIdentifier>
    </Filter>
    <Filter Include="Quelldateien\Physic">
      <UniqueIdentifier>{0bc4fdb1-4f01-4134-8e3a-b950eaf0d9ce}</UniqueIdentifier>
    </Filter>
    <Filter Include="Headerdateien\Physic\Collider">
      <UniqueIdentifier>{803dfabb-078e-4140-8aa6-f3a77e241729}</UniqueIdentifier>
    </Filter>
    <Filter Include="Quelldateien\Physic\Collider">
      <UniqueIdentifier>{e193d3fb-05f6-4234-86a1-458abadab8c8}</UniqueIdentifier>
    </Filter>
    <Filter Include="Headerdateien\Physic\Quadtree">
      <UniqueIdentifier>{7fce0ea3-0e77-4c76-8ef8-9eaf59e5b25f}</UniqueIdentifier>
    </Filter>
    <Filter Include="Quelldateien\Physic\Quadtree">
      <UniqueIdentifier>{9b3eda4d-0551-4f96-b342-24632c92f8d2}</UniqueIdentifier>
    </Filter>
  </ItemGroup>
  <ItemGroup>
    <ClCompile Include="src\CEngine.cpp">
      <Filter>Quelldateien</Filter>
    </ClCompile>
    <ClCompile Include="src\CWorld.cpp">
      <Filter>Quelldateien\World</Filter>
    </ClCompile>
    <ClCompile Include="src\CTime.cpp">
      <Filter>Quelldateien\Time</Filter>
    </ClCompile>
    <ClCompile Include="src\CInput.cpp">
      <Filter>Quelldateien\Input</Filter>
    </ClCompile>
    <ClCompile Include="src\CEntity.cpp">
      <Filter>Quelldateien\World\Entity</Filter>
    </ClCompile>
    <ClCompile Include="src\CTransform.cpp">
      <Filter>Quelldateien\World\Entity</Filter>
    </ClCompile>
    <ClCompile Include="src\CWindow.cpp">
      <Filter>Quelldateien\Window</Filter>
    </ClCompile>
    <ClCompile Include="src\CGamepad.cpp">
      <Filter>Quelldateien\Input\Gamepad</Filter>
    </ClCompile>
    <ClCompile Include="src\CKeyboard.cpp">
      <Filter>Quelldateien\Input\Keyboard</Filter>
    </ClCompile>
    <ClCompile Include="src\CMouse.cpp">
      <Filter>Quelldateien\Input\Mouse</Filter>
    </ClCompile>
    <ClCompile Include="src\CXboxController.cpp">
      <Filter>Quelldateien\Input\Gamepad</Filter>
    </ClCompile>
    <ClCompile Include="src\IBehaviour.cpp">
      <Filter>Quelldateien\World\Entity</Filter>
    </ClCompile>
    <ClCompile Include="src\CAABB.cpp">
      <Filter>Quelldateien\Physic\Collider</Filter>
    </ClCompile>
    <ClCompile Include="src\CCollider.cpp">
      <Filter>Quelldateien\Physic\Collider</Filter>
    </ClCompile>
    <ClCompile Include="src\CBody.cpp">
      <Filter>Quelldateien\Physic</Filter>
    </ClCompile>
    <ClCompile Include="src\CPhysicEntity.cpp">
      <Filter>Quelldateien\Physic</Filter>
    </ClCompile>
    <ClCompile Include="src\CPhysicWorld.cpp">
      <Filter>Quelldateien\Physic</Filter>
    </ClCompile>
    <ClCompile Include="src\CQuadtree.cpp">
      <Filter>Quelldateien\Physic\Quadtree</Filter>
    </ClCompile>
    <ClCompile Include="src\CQuadtreeNode.cpp">
      <Filter>Quelldateien\Physic\Quadtree</Filter>
    </ClCompile>
    <ClCompile Include="src\CResourceManager.cpp">
      <Filter>Quelldateien\Resource</Filter>
    </ClCompile>
    <ClCompile Include="src\CMapLayer.cpp">
      <Filter>Quelldateien\Resource\Resources\TilesetMap\Layers</Filter>
    </ClCompile>
    <ClCompile Include="src\CMapImageLayer.cpp">
      <Filter>Quelldateien\Resource\Resources\TilesetMap\Layers</Filter>
    </ClCompile>
    <ClCompile Include="src\CTileset.cpp">
      <Filter>Quelldateien\Resource\Resources\TilesetMap\Layers</Filter>
    </ClCompile>
    <ClCompile Include="src\IMapLayer.cpp">
      <Filter>Quelldateien\Resource\Resources\TilesetMap\Layers</Filter>
    </ClCompile>
    <ClCompile Include="src\CTilesetMap.cpp">
      <Filter>Quelldateien\Resource\Resources\TilesetMap</Filter>
    </ClCompile>
    <ClCompile Include="src\CTMXParser.cpp">
      <Filter>Quelldateien\Resource\Parser</Filter>
    </ClCompile>
    <ClCompile Include="extern\include\loadPNG\lodepng.cpp">
      <Filter>Quelldateien\Resource\Parser</Filter>
    </ClCompile>
    <ClCompile Include="src\CFileReader.cpp">
      <Filter>Quelldateien\Resource\Parser</Filter>
    </ClCompile>
    <ClCompile Include="src\CTexture2D.cpp">
      <Filter>Quelldateien\Resource\Resources\Texture</Filter>
    </ClCompile>
    <ClCompile Include="src\CINIParser.cpp">
      <Filter>Quelldateien\Resource\Parser</Filter>
    </ClCompile>
    <ClCompile Include="src\CConfiguration.cpp">
      <Filter>Quelldateien\Resource\Resources\INI</Filter>
    </ClCompile>
  </ItemGroup>
  <ItemGroup>
    <ClInclude Include="include\CEngine.h">
      <Filter>Headerdateien</Filter>
    </ClInclude>
    <ClInclude Include="include\CWorld.h">
      <Filter>Headerdateien\World</Filter>
    </ClInclude>
    <ClInclude Include="include\CTime.h">
      <Filter>Headerdateien\Time</Filter>
    </ClInclude>
    <ClInclude Include="include\CInput.h">
      <Filter>Headerdateien\Input</Filter>
    </ClInclude>
    <ClInclude Include="include\CTransform.h">
      <Filter>Headerdateien\World\Entity</Filter>
    </ClInclude>
    <ClInclude Include="include\CEntity.h">
      <Filter>Headerdateien\World\Entity</Filter>
    </ClInclude>
    <ClInclude Include="include\EngineDefines.h">
      <Filter>Headerdateien</Filter>
    </ClInclude>
    <ClInclude Include="include\CWindow.h">
      <Filter>Headerdateien\Window</Filter>
    </ClInclude>
    <ClInclude Include="include\EButtonState.h">
      <Filter>Headerdateien\Input</Filter>
    </ClInclude>
    <ClInclude Include="include\CGamepad.h">
      <Filter>Headerdateien\Input\Gamepad</Filter>
    </ClInclude>
    <ClInclude Include="include\EKey.h">
      <Filter>Headerdateien\Input\Keyboard</Filter>
    </ClInclude>
    <ClInclude Include="include\CKeyboard.h">
      <Filter>Headerdateien\Input\Keyboard</Filter>
    </ClInclude>
    <ClInclude Include="include\CMouse.h">
      <Filter>Headerdateien\Input\Mouse</Filter>
    </ClInclude>
    <ClInclude Include="include\CXboxController.h">
      <Filter>Headerdateien\Input\Gamepad</Filter>
    </ClInclude>
    <ClInclude Include="include\EGamepadButton.h">
      <Filter>Headerdateien\Input\Gamepad</Filter>
    </ClInclude>
    <ClInclude Include="include\EMouseButton.h">
      <Filter>Headerdateien\Input\Mouse</Filter>
    </ClInclude>
    <ClInclude Include="extern\include\loadPNG\lodepng.h">
      <Filter>Headerdateien\Resource\Parser</Filter>
    </ClInclude>
    <ClInclude Include="include\CTMXParser.h">
      <Filter>Headerdateien\Resource\Parser</Filter>
    </ClInclude>
    <ClInclude Include="include\CTilesetMap.h">
      <Filter>Headerdateien\Resource\Resources\TilesetMap</Filter>
    </ClInclude>
    <ClInclude Include="include\CMapImageLayer.h">
      <Filter>Headerdateien\Resource\Resources\TilesetMap\Layers</Filter>
    </ClInclude>
    <ClInclude Include="include\CMapLayer.h">
      <Filter>Headerdateien\Resource\Resources\TilesetMap\Layers</Filter>
    </ClInclude>
    <ClInclude Include="include\CTileset.h">
      <Filter>Headerdateien\Resource\Resources\TilesetMap\Layers</Filter>
    </ClInclude>
    <ClInclude Include="include\IMapLayer.h">
      <Filter>Headerdateien\Resource\Resources\TilesetMap\Layers</Filter>
    </ClInclude>
    <ClInclude Include="include\CResourceManager.h">
      <Filter>Headerdateien\Resource</Filter>
    </ClInclude>
    <ClInclude Include="include\EFileType.h">
      <Filter>Headerdateien\Resource</Filter>
    </ClInclude>
    <ClInclude Include="include\CFileReader.h">
      <Filter>Headerdateien\Resource\Parser</Filter>
    </ClInclude>
    <ClInclude Include="include\CStringHasher.h">
      <Filter>Headerdateien\Resource</Filter>
    </ClInclude>
    <ClInclude Include="include\CTexture2D.h">
      <Filter>Headerdateien\Resource\Resources\Texture</Filter>
    </ClInclude>
    <ClInclude Include="include\CINIParser.h">
      <Filter>Headerdateien\Resource\Parser</Filter>
    </ClInclude>
    <ClInclude Include="include\CConfiguration.h">
      <Filter>Headerdateien\Resource\Resources\INI</Filter>
    </ClInclude>
    <ClInclude Include="include\IBehaviour.h">
      <Filter>Headerdateien\World\Entity</Filter>
    </ClInclude>
    <ClInclude Include="include\CCollider.h">
      <Filter>Headerdateien\Physic\Collider</Filter>
    </ClInclude>
    <ClInclude Include="include\CAABB.h">
      <Filter>Headerdateien\Physic\Collider</Filter>
    </ClInclude>
    <ClInclude Include="include\CBody.h">
      <Filter>Headerdateien\Physic</Filter>
    </ClInclude>
    <ClInclude Include="include\CPhysicEntity.h">
      <Filter>Headerdateien\Physic</Filter>
    </ClInclude>
    <ClInclude Include="include\CPhysicWorld.h">
      <Filter>Headerdateien\Physic</Filter>
    </ClInclude>
    <ClInclude Include="include\CQuadtree.h">
      <Filter>Headerdateien\Physic\Quadtree</Filter>
    </ClInclude>
    <ClInclude Include="include\CQuadtreeNode.h">
      <Filter>Headerdateien\Physic\Quadtree</Filter>
    </ClInclude>
  </ItemGroup>
</Project>