<?xml version="1.0" encoding="utf-8"?>
<Project ToolsVersion="4.0" xmlns="http://schemas.microsoft.com/developer/msbuild/2003">
  <ItemGroup>
    <Filter Include="Quelldateien">
      <UniqueIdentifier>{4FC737F1-C7A5-4376-A066-2A32D752A2FF}</UniqueIdentifier>
      <Extensions>cpp;c;cc;cxx;def;odl;idl;hpj;bat;asm;asmx</Extensions>
    </Filter>
    <Filter Include="Headerdateien">
      <UniqueIdentifier>{93995380-89BD-4b04-88EB-625FBE52EBFB}</UniqueIdentifier>
      <Extensions>h;hh;hpp;hxx;hm;inl;inc;xsd</Extensions>
    </Filter>
    <Filter Include="Ressourcendateien">
      <UniqueIdentifier>{67DA6AB6-F800-4c08-8B7A-83BB121AAD01}</UniqueIdentifier>
      <Extensions>rc;ico;cur;bmp;dlg;rc2;rct;bin;rgs;gif;jpg;jpeg;jpe;resx;tiff;tif;png;wav;mfcribbon-ms</Extensions>
    </Filter>
    <Filter Include="Quelldateien\Scenes">
      <UniqueIdentifier>{b5f60ea0-ef09-47dd-bd33-1613b588e9ca}</UniqueIdentifier>
    </Filter>
    <Filter Include="Headerdateien\Scenes">
      <UniqueIdentifier>{30e26dc6-8a3d-4039-a59d-2b4a1adb6903}</UniqueIdentifier>
    </Filter>
    <Filter Include="Headerdateien\Game">
      <UniqueIdentifier>{b48c4eae-f47b-4bc6-b3e0-a5d001074982}</UniqueIdentifier>
    </Filter>
    <Filter Include="Quelldateien\Game">
      <UniqueIdentifier>{05b72561-5b02-4f55-a109-432f11dd5ccd}</UniqueIdentifier>
    </Filter>
    <Filter Include="Headerdateien\Game\Pattern">
      <UniqueIdentifier>{6a16d595-7953-452a-ae6f-fa30ff0f178e}</UniqueIdentifier>
    </Filter>
    <Filter Include="Quelldateien\Game\Pattern">
      <UniqueIdentifier>{aa138ba1-39c8-442b-aac7-62f27618f94f}</UniqueIdentifier>
    </Filter>
    <Filter Include="Headerdateien\Debug">
      <UniqueIdentifier>{84259346-b869-4820-b850-34b671d92f66}</UniqueIdentifier>
    </Filter>
    <Filter Include="Quelldateien\Debug">
      <UniqueIdentifier>{098fd8ba-73b4-4a7e-b0a9-3dbd73d7e85d}</UniqueIdentifier>
    </Filter>
    <Filter Include="Headerdateien\Game\Tiles">
      <UniqueIdentifier>{48c94248-b244-45e5-a053-f4f00761ce09}</UniqueIdentifier>
    </Filter>
    <Filter Include="Quelldateien\Game\Tiles">
      <UniqueIdentifier>{30c28bf0-e3e4-40c3-a81f-09c276170203}</UniqueIdentifier>
    </Filter>
    <Filter Include="Headerdateien\Game\Player">
      <UniqueIdentifier>{46e72688-923b-4bd0-b6a3-0ece296ebffd}</UniqueIdentifier>
    </Filter>
    <Filter Include="Quelldateien\Game\Player">
      <UniqueIdentifier>{157fabc6-5081-45f6-9594-08e86ebf23e3}</UniqueIdentifier>
    </Filter>
    <Filter Include="Headerdateien\Menu">
      <UniqueIdentifier>{3beeb15a-6086-4420-8320-5732bf8c1a39}</UniqueIdentifier>
    </Filter>
    <Filter Include="Quelldateien\Menu">
      <UniqueIdentifier>{cf90a7da-b52d-4fec-b13e-4d96920f0eca}</UniqueIdentifier>
    </Filter>
  </ItemGroup>
  <ItemGroup>
    <ClCompile Include="src\main.cpp">
      <Filter>Quelldateien</Filter>
    </ClCompile>
    <ClCompile Include="src\CGameScene.cpp">
      <Filter>Quelldateien\Scenes</Filter>
    </ClCompile>
    <ClCompile Include="src\CPattern.cpp">
      <Filter>Quelldateien\Game\Pattern</Filter>
    </ClCompile>
    <ClCompile Include="src\CPatternLoader.cpp">
      <Filter>Quelldateien\Game\Pattern</Filter>
    </ClCompile>
    <ClCompile Include="src\CPatternManager.cpp">
      <Filter>Quelldateien\Game\Pattern</Filter>
    </ClCompile>
    <ClCompile Include="src\CGameInfo.cpp">
      <Filter>Quelldateien\Game</Filter>
    </ClCompile>
    <ClCompile Include="src\CValueUpdater.cpp">
      <Filter>Quelldateien\Debug</Filter>
    </ClCompile>
    <ClCompile Include="src\CEnvironmentCreator.cpp">
      <Filter>Quelldateien\Game</Filter>
    </ClCompile>
    <ClCompile Include="src\CDebugScene.cpp">
      <Filter>Quelldateien\Scenes</Filter>
    </ClCompile>
    <ClCompile Include="src\CPoints.cpp">
      <Filter>Quelldateien\Game\Tiles</Filter>
    </ClCompile>
    <ClCompile Include="src\CCheckpoint.cpp">
      <Filter>Quelldateien\Game\Tiles</Filter>
    </ClCompile>
    <ClCompile Include="src\CCollectedPoint.cpp">
      <Filter>Quelldateien\Game\Tiles</Filter>
    </ClCompile>
    <ClCompile Include="src\CPatternTileCreator.cpp">
      <Filter>Quelldateien\Game\Pattern</Filter>
    </ClCompile>
    <ClCompile Include="src\CPostEffects.cpp">
      <Filter>Quelldateien\Game</Filter>
    </ClCompile>
    <ClCompile Include="src\CDifficultyChanger.cpp">
      <Filter>Quelldateien\Game</Filter>
    </ClCompile>
    <ClCompile Include="src\CPlayer.cpp">
      <Filter>Quelldateien\Game\Player</Filter>
    </ClCompile>
    <ClCompile Include="src\CMovingObstacle.cpp">
      <Filter>Quelldateien\Game\Tiles</Filter>
    </ClCompile>
    <ClCompile Include="src\CBackground.cpp">
      <Filter>Quelldateien\Game</Filter>
    </ClCompile>
    <ClCompile Include="src\CMenuScene.cpp">
      <Filter>Quelldateien\Scenes</Filter>
    </ClCompile>
    <ClCompile Include="src\CMainMenu.cpp">
      <Filter>Quelldateien\Menu</Filter>
    </ClCompile>
    <ClCompile Include="src\IMenu.cpp">
      <Filter>Quelldateien\Menu</Filter>
    </ClCompile>
    <ClCompile Include="src\CMenuBackgroundScene.cpp">
      <Filter>Quelldateien\Menu</Filter>
    </ClCompile>
    <ClCompile Include="src\CParticleSpawner.cpp">
      <Filter>Quelldateien</Filter>
    </ClCompile>
    <ClCompile Include="src\CPlayerDangerHitbox.cpp">
      <Filter>Quelldateien</Filter>
    </ClCompile>
    <ClCompile Include="src\CRoadBorder.cpp">
      <Filter>Quelldateien</Filter>
    </ClCompile>
    <ClCompile Include="src\CObjectUpdater.cpp">
      <Filter>Quelldateien\Debug</Filter>
    </ClCompile>
    <ClCompile Include="src\CPauseMenu.cpp">
      <Filter>Quelldateien\Menu</Filter>
    </ClCompile>
    <ClCompile Include="src\CIngameUI.cpp">
      <Filter>Quelldateien\Game</Filter>
    </ClCompile>
    <ClCompile Include="src\CManualMenu.cpp">
      <Filter>Quelldateien\Menu</Filter>
    </ClCompile>
    <ClCompile Include="src\CCreditsMenu.cpp">
      <Filter>Quelldateien\Menu</Filter>
    </ClCompile>
    <ClCompile Include="src\COptionsMenu.cpp">
      <Filter>Quelldateien\Menu</Filter>
    </ClCompile>
    <ClCompile Include="src\CGameEndMenu.cpp">
      <Filter>Quelldateien\Menu</Filter>
    </ClCompile>
    <ClCompile Include="src\CHighscore.cpp">
      <Filter>Quelldateien\Game</Filter>
    </ClCompile>
    <ClCompile Include="src\CHighscoreMenu.cpp">
      <Filter>Quelldateien\Menu</Filter>
    </ClCompile>
    <ClCompile Include="src\CIntroScene.cpp">
      <Filter>Quelldateien\Scenes</Filter>
    </ClCompile>
  </ItemGroup>
  <ItemGroup>
    <ClInclude Include="include\CGameScene.h">
      <Filter>Headerdateien\Scenes</Filter>
    </ClInclude>
    <ClInclude Include="include\CPattern.h">
      <Filter>Headerdateien\Game\Pattern</Filter>
    </ClInclude>
    <ClInclude Include="include\SPatternTile.h">
      <Filter>Headerdateien\Game\Pattern</Filter>
    </ClInclude>
    <ClInclude Include="include\CPatternLoader.h">
      <Filter>Headerdateien\Game\Pattern</Filter>
    </ClInclude>
    <ClInclude Include="include\ETileType.h">
      <Filter>Headerdateien\Game\Pattern</Filter>
    </ClInclude>
    <ClInclude Include="include\CPatternManager.h">
      <Filter>Headerdateien\Game\Pattern</Filter>
    </ClInclude>
    <ClInclude Include="include\CGameInfo.h">
      <Filter>Headerdateien\Game</Filter>
    </ClInclude>
    <ClInclude Include="include\CValueUpdater.h">
      <Filter>Headerdateien\Debug</Filter>
    </ClInclude>
    <ClInclude Include="include\CEnvironmentCreator.h">
      <Filter>Headerdateien\Game</Filter>
    </ClInclude>
    <ClInclude Include="include\EPatternCategories.h">
      <Filter>Headerdateien\Game\Pattern</Filter>
    </ClInclude>
    <ClInclude Include="include\CDebugScene.h">
      <Filter>Headerdateien\Scenes</Filter>
    </ClInclude>
    <ClInclude Include="include\CPoints.h">
      <Filter>Headerdateien\Game\Tiles</Filter>
    </ClInclude>
    <ClInclude Include="include\CCheckpoint.h">
      <Filter>Headerdateien\Game\Tiles</Filter>
    </ClInclude>
    <ClInclude Include="include\CCollectedPoint.h">
      <Filter>Headerdateien\Game\Tiles</Filter>
    </ClInclude>
    <ClInclude Include="include\CPatternTileCreator.h">
      <Filter>Headerdateien\Game\Pattern</Filter>
    </ClInclude>
    <ClInclude Include="include\CPostEffects.h">
      <Filter>Headerdateien\Game</Filter>
    </ClInclude>
    <ClInclude Include="include\CDifficultyChanger.h">
      <Filter>Headerdateien\Game</Filter>
    </ClInclude>
    <ClInclude Include="include\SPlayerInput.h">
      <Filter>Headerdateien\Game\Player</Filter>
    </ClInclude>
    <ClInclude Include="include\CPlayer.h">
      <Filter>Headerdateien\Game\Player</Filter>
    </ClInclude>
    <ClInclude Include="include\CBackground.h">
      <Filter>Headerdateien\Game</Filter>
    </ClInclude>
    <ClInclude Include="include\CMovingObstacle.h">
      <Filter>Headerdateien\Game\Tiles</Filter>
    </ClInclude>
    <ClInclude Include="include\CMenuScene.h">
      <Filter>Headerdateien\Scenes</Filter>
    </ClInclude>
    <ClInclude Include="include\CMainMenu.h">
      <Filter>Headerdateien\Menu</Filter>
    </ClInclude>
    <ClInclude Include="include\IMenu.h">
      <Filter>Headerdateien\Menu</Filter>
    </ClInclude>
    <ClInclude Include="include\SUIInput.h">
      <Filter>Headerdateien\Menu</Filter>
    </ClInclude>
    <ClInclude Include="include\CMenuBackgroundScene.h">
      <Filter>Headerdateien\Menu</Filter>
    </ClInclude>
    <ClInclude Include="include\CParticleSpawner.h">
      <Filter>Headerdateien</Filter>
    </ClInclude>
    <ClInclude Include="include\CPlayerDangerHitbox.h">
      <Filter>Headerdateien</Filter>
    </ClInclude>
    <ClInclude Include="include\CRoadBorder.h">
      <Filter>Headerdateien</Filter>
    </ClInclude>
    <ClInclude Include="include\CObjectUpdater.h">
      <Filter>Headerdateien\Debug</Filter>
    </ClInclude>
    <ClInclude Include="include\CPauseMenu.h">
      <Filter>Headerdateien\Menu</Filter>
    </ClInclude>
    <ClInclude Include="include\CIngameUI.h">
      <Filter>Headerdateien\Game</Filter>
    </ClInclude>
    <ClInclude Include="include\CManualMenu.h">
      <Filter>Headerdateien\Menu</Filter>
    </ClInclude>
    <ClInclude Include="include\EMenus.h">
      <Filter>Headerdateien\Menu</Filter>
    </ClInclude>
    <ClInclude Include="include\CCreditsMenu.h">
      <Filter>Headerdateien\Menu</Filter>
    </ClInclude>
    <ClInclude Include="include\COptionsMenu.h">
      <Filter>Headerdateien\Menu</Filter>
    </ClInclude>
    <ClInclude Include="include\CGameEndMenu.h">
      <Filter>Headerdateien\Menu</Filter>
    </ClInclude>
    <ClInclude Include="include\CHighscore.h">
      <Filter>Headerdateien\Game</Filter>
    </ClInclude>
    <ClInclude Include="include\CHighscoreMenu.h">
      <Filter>Headerdateien\Menu</Filter>
    </ClInclude>
    <ClInclude Include="include\CIntroScene.h">
      <Filter>Headerdateien\Scenes</Filter>
    </ClInclude>
    <ClInclude Include="resource.h">
      <Filter>Headerdateien</Filter>
    </ClInclude>
  </ItemGroup>
  <ItemGroup>
    <ResourceCompile Include="Runner.rc">
      <Filter>Ressourcendateien</Filter>
    </ResourceCompile>
  </ItemGroup>
  <ItemGroup>
    <Image Include="..\..\..\..\Downloads\icon_256.ico">
      <Filter>Ressourcendateien</Filter>
    </Image>
  </ItemGroup>
</Project>